
Microsoft Visual Studio Solution File, Format Version 12.00
# Visual Studio Version 17
VisualStudioVersion = 17.13.35931.197 d17.13
MinimumVisualStudioVersion = 10.0.40219.1
Project("{8BC9CEB8-8B4A-11D0-8D11-00A0C91BC942}") = "19-3", "19-3.vcxproj", "{9A77AB2C-15E8-4FDD-B328-9234F85B006D}"
EndProject
Global
	GlobalSection(SolutionConfigurationPlatforms) = preSolution
		Debug|x64 = Debug|x64
		Debug|x86 = Debug|x86
		Release|x64 = Release|x64
		Release|x86 = Release|x86
	EndGlobalSection
	GlobalSection(ProjectConfigurationPlatforms) = postSolution
		{9A77AB2C-15E8-4FDD-B328-9234F85B006D}.Debug|x64.ActiveCfg = Debug|x64
		{9A77AB2C-15E8-4FDD-B328-9234F85B006D}.Debug|x64.Build.0 = Debug|x64
		{9A77AB2C-15E8-4FDD-B328-9234F85B006D}.Debug|x86.ActiveCfg = Debug|Win32
		{9A77AB2C-15E8-4FDD-B328-9234F85B006D}.Debug|x86.Build.0 = Debug|Win32
		{9A77AB2C-15E8-4FDD-B328-9234F85B006D}.Release|x64.ActiveCfg = Release|x64
		{9A77AB2C-15E8-4FDD-B328-9234F85B006D}.Release|x64.Build.0 = Release|x64
		{9A77AB2C-15E8-4FDD-B328-9234F85B006D}.Release|x86.ActiveCfg = Release|Win32
		{9A77AB2C-15E8-4FDD-B328-9234F85B006D}.Release|x86.Build.0 = Release|Win32
	EndGlobalSection
	GlobalSection(SolutionProperties) = preSolution
		HideSolutionNode = FALSE
	EndGlobalSection
	GlobalSection(ExtensibilityGlobals) = postSolution
		SolutionGuid = {B84E7B95-65E7-4785-A346-5A893E22F56C}
	EndGlobalSection
EndGlobal
