
Microsoft Visual Studio Solution File, Format Version 12.00
# Visual Studio Version 17
VisualStudioVersion = 17.13.35931.197 d17.13
MinimumVisualStudioVersion = 10.0.40219.1
Project("{8BC9CEB8-8B4A-11D0-8D11-00A0C91BC942}") = "ex1_621p", "ex1_621p.vcxproj", "{6AF0F3A8-9A49-43CB-995B-0EB80A7735D1}"
EndProject
Global
	GlobalSection(SolutionConfigurationPlatforms) = preSolution
		Debug|x64 = Debug|x64
		Debug|x86 = Debug|x86
		Release|x64 = Release|x64
		Release|x86 = Release|x86
	EndGlobalSection
	GlobalSection(ProjectConfigurationPlatforms) = postSolution
		{6AF0F3A8-9A49-43CB-995B-0EB80A7735D1}.Debug|x64.ActiveCfg = Debug|x64
		{6AF0F3A8-9A49-43CB-995B-0EB80A7735D1}.Debug|x64.Build.0 = Debug|x64
		{6AF0F3A8-9A49-43CB-995B-0EB80A7735D1}.Debug|x86.ActiveCfg = Debug|Win32
		{6AF0F3A8-9A49-43CB-995B-0EB80A7735D1}.Debug|x86.Build.0 = Debug|Win32
		{6AF0F3A8-9A49-43CB-995B-0EB80A7735D1}.Release|x64.ActiveCfg = Release|x64
		{6AF0F3A8-9A49-43CB-995B-0EB80A7735D1}.Release|x64.Build.0 = Release|x64
		{6AF0F3A8-9A49-43CB-995B-0EB80A7735D1}.Release|x86.ActiveCfg = Release|Win32
		{6AF0F3A8-9A49-43CB-995B-0EB80A7735D1}.Release|x86.Build.0 = Release|Win32
	EndGlobalSection
	GlobalSection(SolutionProperties) = preSolution
		HideSolutionNode = FALSE
	EndGlobalSection
	GlobalSection(ExtensibilityGlobals) = postSolution
		SolutionGuid = {7220FE2F-BC46-4525-B7FB-E485B23A2B14}
	EndGlobalSection
EndGlobal
