
Microsoft Visual Studio Solution File, Format Version 12.00
# Visual Studio Version 17
VisualStudioVersion = 17.13.35931.197 d17.13
MinimumVisualStudioVersion = 10.0.40219.1
Project("{8BC9CEB8-8B4A-11D0-8D11-00A0C91BC942}") = "16-4", "16-4.vcxproj", "{25BFE068-09FD-4736-8B53-F25B9C94E4DB}"
EndProject
Global
	GlobalSection(SolutionConfigurationPlatforms) = preSolution
		Debug|x64 = Debug|x64
		Debug|x86 = Debug|x86
		Release|x64 = Release|x64
		Release|x86 = Release|x86
	EndGlobalSection
	GlobalSection(ProjectConfigurationPlatforms) = postSolution
		{25BFE068-09FD-4736-8B53-F25B9C94E4DB}.Debug|x64.ActiveCfg = Debug|x64
		{25BFE068-09FD-4736-8B53-F25B9C94E4DB}.Debug|x64.Build.0 = Debug|x64
		{25BFE068-09FD-4736-8B53-F25B9C94E4DB}.Debug|x86.ActiveCfg = Debug|Win32
		{25BFE068-09FD-4736-8B53-F25B9C94E4DB}.Debug|x86.Build.0 = Debug|Win32
		{25BFE068-09FD-4736-8B53-F25B9C94E4DB}.Release|x64.ActiveCfg = Release|x64
		{25BFE068-09FD-4736-8B53-F25B9C94E4DB}.Release|x64.Build.0 = Release|x64
		{25BFE068-09FD-4736-8B53-F25B9C94E4DB}.Release|x86.ActiveCfg = Release|Win32
		{25BFE068-09FD-4736-8B53-F25B9C94E4DB}.Release|x86.Build.0 = Release|Win32
	EndGlobalSection
	GlobalSection(SolutionProperties) = preSolution
		HideSolutionNode = FALSE
	EndGlobalSection
	GlobalSection(ExtensibilityGlobals) = postSolution
		SolutionGuid = {52240FF6-DCE7-4112-98EE-1830A85E4A5D}
	EndGlobalSection
EndGlobal
