
Microsoft Visual Studio Solution File, Format Version 12.00
# Visual Studio Version 17
VisualStudioVersion = 17.13.35931.197 d17.13
MinimumVisualStudioVersion = 10.0.40219.1
Project("{8BC9CEB8-8B4A-11D0-8D11-00A0C91BC942}") = "18-11", "18-11.vcxproj", "{DFBF4A55-1833-497F-8371-56EA54AC1CFF}"
EndProject
Global
	GlobalSection(SolutionConfigurationPlatforms) = preSolution
		Debug|x64 = Debug|x64
		Debug|x86 = Debug|x86
		Release|x64 = Release|x64
		Release|x86 = Release|x86
	EndGlobalSection
	GlobalSection(ProjectConfigurationPlatforms) = postSolution
		{DFBF4A55-1833-497F-8371-56EA54AC1CFF}.Debug|x64.ActiveCfg = Debug|x64
		{DFBF4A55-1833-497F-8371-56EA54AC1CFF}.Debug|x64.Build.0 = Debug|x64
		{DFBF4A55-1833-497F-8371-56EA54AC1CFF}.Debug|x86.ActiveCfg = Debug|Win32
		{DFBF4A55-1833-497F-8371-56EA54AC1CFF}.Debug|x86.Build.0 = Debug|Win32
		{DFBF4A55-1833-497F-8371-56EA54AC1CFF}.Release|x64.ActiveCfg = Release|x64
		{DFBF4A55-1833-497F-8371-56EA54AC1CFF}.Release|x64.Build.0 = Release|x64
		{DFBF4A55-1833-497F-8371-56EA54AC1CFF}.Release|x86.ActiveCfg = Release|Win32
		{DFBF4A55-1833-497F-8371-56EA54AC1CFF}.Release|x86.Build.0 = Release|Win32
	EndGlobalSection
	GlobalSection(SolutionProperties) = preSolution
		HideSolutionNode = FALSE
	EndGlobalSection
	GlobalSection(ExtensibilityGlobals) = postSolution
		SolutionGuid = {2A1EFA79-906D-44A7-ACCB-804830AECD8D}
	EndGlobalSection
EndGlobal
