
Microsoft Visual Studio Solution File, Format Version 12.00
# Visual Studio Version 17
VisualStudioVersion = 17.13.35931.197 d17.13
MinimumVisualStudioVersion = 10.0.40219.1
Project("{8BC9CEB8-8B4A-11D0-8D11-00A0C91BC942}") = "10-1", "10-1.vcxproj", "{6160D941-C7F3-42AE-B6E8-217306B69287}"
EndProject
Global
	GlobalSection(SolutionConfigurationPlatforms) = preSolution
		Debug|x64 = Debug|x64
		Debug|x86 = Debug|x86
		Release|x64 = Release|x64
		Release|x86 = Release|x86
	EndGlobalSection
	GlobalSection(ProjectConfigurationPlatforms) = postSolution
		{6160D941-C7F3-42AE-B6E8-217306B69287}.Debug|x64.ActiveCfg = Debug|x64
		{6160D941-C7F3-42AE-B6E8-217306B69287}.Debug|x64.Build.0 = Debug|x64
		{6160D941-C7F3-42AE-B6E8-217306B69287}.Debug|x86.ActiveCfg = Debug|Win32
		{6160D941-C7F3-42AE-B6E8-217306B69287}.Debug|x86.Build.0 = Debug|Win32
		{6160D941-C7F3-42AE-B6E8-217306B69287}.Release|x64.ActiveCfg = Release|x64
		{6160D941-C7F3-42AE-B6E8-217306B69287}.Release|x64.Build.0 = Release|x64
		{6160D941-C7F3-42AE-B6E8-217306B69287}.Release|x86.ActiveCfg = Release|Win32
		{6160D941-C7F3-42AE-B6E8-217306B69287}.Release|x86.Build.0 = Release|Win32
	EndGlobalSection
	GlobalSection(SolutionProperties) = preSolution
		HideSolutionNode = FALSE
	EndGlobalSection
	GlobalSection(ExtensibilityGlobals) = postSolution
		SolutionGuid = {7F038AB1-6068-479C-8724-497A7FA9D79F}
	EndGlobalSection
EndGlobal
