
Microsoft Visual Studio Solution File, Format Version 12.00
# Visual Studio Version 17
VisualStudioVersion = 17.13.35931.197 d17.13
MinimumVisualStudioVersion = 10.0.40219.1
Project("{8BC9CEB8-8B4A-11D0-8D11-00A0C91BC942}") = "ex1_441p", "ex1_441p.vcxproj", "{2B5675A0-1A8D-4ECD-96D7-EFEC3EEA178E}"
EndProject
Global
	GlobalSection(SolutionConfigurationPlatforms) = preSolution
		Debug|x64 = Debug|x64
		Debug|x86 = Debug|x86
		Release|x64 = Release|x64
		Release|x86 = Release|x86
	EndGlobalSection
	GlobalSection(ProjectConfigurationPlatforms) = postSolution
		{2B5675A0-1A8D-4ECD-96D7-EFEC3EEA178E}.Debug|x64.ActiveCfg = Debug|x64
		{2B5675A0-1A8D-4ECD-96D7-EFEC3EEA178E}.Debug|x64.Build.0 = Debug|x64
		{2B5675A0-1A8D-4ECD-96D7-EFEC3EEA178E}.Debug|x86.ActiveCfg = Debug|Win32
		{2B5675A0-1A8D-4ECD-96D7-EFEC3EEA178E}.Debug|x86.Build.0 = Debug|Win32
		{2B5675A0-1A8D-4ECD-96D7-EFEC3EEA178E}.Release|x64.ActiveCfg = Release|x64
		{2B5675A0-1A8D-4ECD-96D7-EFEC3EEA178E}.Release|x64.Build.0 = Release|x64
		{2B5675A0-1A8D-4ECD-96D7-EFEC3EEA178E}.Release|x86.ActiveCfg = Release|Win32
		{2B5675A0-1A8D-4ECD-96D7-EFEC3EEA178E}.Release|x86.Build.0 = Release|Win32
	EndGlobalSection
	GlobalSection(SolutionProperties) = preSolution
		HideSolutionNode = FALSE
	EndGlobalSection
	GlobalSection(ExtensibilityGlobals) = postSolution
		SolutionGuid = {BAE47F30-93C9-4A1F-9C78-AF3E32081701}
	EndGlobalSection
EndGlobal
