
Microsoft Visual Studio Solution File, Format Version 12.00
# Visual Studio Version 17
VisualStudioVersion = 17.13.35931.197 d17.13
MinimumVisualStudioVersion = 10.0.40219.1
Project("{8BC9CEB8-8B4A-11D0-8D11-00A0C91BC942}") = "18-3", "18-3.vcxproj", "{FCF75B41-A707-4B47-8349-9491D14095F4}"
EndProject
Global
	GlobalSection(SolutionConfigurationPlatforms) = preSolution
		Debug|x64 = Debug|x64
		Debug|x86 = Debug|x86
		Release|x64 = Release|x64
		Release|x86 = Release|x86
	EndGlobalSection
	GlobalSection(ProjectConfigurationPlatforms) = postSolution
		{FCF75B41-A707-4B47-8349-9491D14095F4}.Debug|x64.ActiveCfg = Debug|x64
		{FCF75B41-A707-4B47-8349-9491D14095F4}.Debug|x64.Build.0 = Debug|x64
		{FCF75B41-A707-4B47-8349-9491D14095F4}.Debug|x86.ActiveCfg = Debug|Win32
		{FCF75B41-A707-4B47-8349-9491D14095F4}.Debug|x86.Build.0 = Debug|Win32
		{FCF75B41-A707-4B47-8349-9491D14095F4}.Release|x64.ActiveCfg = Release|x64
		{FCF75B41-A707-4B47-8349-9491D14095F4}.Release|x64.Build.0 = Release|x64
		{FCF75B41-A707-4B47-8349-9491D14095F4}.Release|x86.ActiveCfg = Release|Win32
		{FCF75B41-A707-4B47-8349-9491D14095F4}.Release|x86.Build.0 = Release|Win32
	EndGlobalSection
	GlobalSection(SolutionProperties) = preSolution
		HideSolutionNode = FALSE
	EndGlobalSection
	GlobalSection(ExtensibilityGlobals) = postSolution
		SolutionGuid = {4717D58B-43CB-41BF-8CE6-00C8916D03A3}
	EndGlobalSection
EndGlobal
