
Microsoft Visual Studio Solution File, Format Version 12.00
# Visual Studio Version 17
VisualStudioVersion = 17.13.35931.197 d17.13
MinimumVisualStudioVersion = 10.0.40219.1
Project("{8BC9CEB8-8B4A-11D0-8D11-00A0C91BC942}") = "9-9", "9-9.vcxproj", "{A701262F-FDD1-4B1F-81A2-3E8EB12A0DA3}"
EndProject
Global
	GlobalSection(SolutionConfigurationPlatforms) = preSolution
		Debug|x64 = Debug|x64
		Debug|x86 = Debug|x86
		Release|x64 = Release|x64
		Release|x86 = Release|x86
	EndGlobalSection
	GlobalSection(ProjectConfigurationPlatforms) = postSolution
		{A701262F-FDD1-4B1F-81A2-3E8EB12A0DA3}.Debug|x64.ActiveCfg = Debug|x64
		{A701262F-FDD1-4B1F-81A2-3E8EB12A0DA3}.Debug|x64.Build.0 = Debug|x64
		{A701262F-FDD1-4B1F-81A2-3E8EB12A0DA3}.Debug|x86.ActiveCfg = Debug|Win32
		{A701262F-FDD1-4B1F-81A2-3E8EB12A0DA3}.Debug|x86.Build.0 = Debug|Win32
		{A701262F-FDD1-4B1F-81A2-3E8EB12A0DA3}.Release|x64.ActiveCfg = Release|x64
		{A701262F-FDD1-4B1F-81A2-3E8EB12A0DA3}.Release|x64.Build.0 = Release|x64
		{A701262F-FDD1-4B1F-81A2-3E8EB12A0DA3}.Release|x86.ActiveCfg = Release|Win32
		{A701262F-FDD1-4B1F-81A2-3E8EB12A0DA3}.Release|x86.Build.0 = Release|Win32
	EndGlobalSection
	GlobalSection(SolutionProperties) = preSolution
		HideSolutionNode = FALSE
	EndGlobalSection
	GlobalSection(ExtensibilityGlobals) = postSolution
		SolutionGuid = {2D3A1AFB-95CE-4BB8-96DA-D14BF3D35220}
	EndGlobalSection
EndGlobal
